// !$*UTF8*$!
{
	archiveVersion = 1;
	classes = {
	};
	objectVersion = 55;
	objects = {

/* Begin PBXBuildFile section */
		1186360328E68AB9007EC04E /* DetailPokemonViewController.swift in Sources */ = {isa = PBXBuildFile; fileRef = 1186360228E68AB9007EC04E /* DetailPokemonViewController.swift */; };
		1186360528E68C32007EC04E /* DetailPokemonView.swift in Sources */ = {isa = PBXBuildFile; fileRef = 1186360428E68C32007EC04E /* DetailPokemonView.swift */; };
		1186360728E6BD55007EC04E /* PresentationLayout.swift in Sources */ = {isa = PBXBuildFile; fileRef = 1186360628E6BD55007EC04E /* PresentationLayout.swift */; };
		1186361128E6CAA0007EC04E /* Alamofire in Frameworks */ = {isa = PBXBuildFile; productRef = 1186361028E6CAA0007EC04E /* Alamofire */; };
		1186361428E6CAC7007EC04E /* PokemonService.swift in Sources */ = {isa = PBXBuildFile; fileRef = 1186361328E6CAC7007EC04E /* PokemonService.swift */; };
		1186361628E72B74007EC04E /* PokemonsURL.swift in Sources */ = {isa = PBXBuildFile; fileRef = 1186361528E72B74007EC04E /* PokemonsURL.swift */; };
		1186361828E75D10007EC04E /* PokemonResult.swift in Sources */ = {isa = PBXBuildFile; fileRef = 1186361728E75D10007EC04E /* PokemonResult.swift */; };
		1186361C28E75DC6007EC04E /* ErrorRequest.swift in Sources */ = {isa = PBXBuildFile; fileRef = 1186361B28E75DC6007EC04E /* ErrorRequest.swift */; };
		1186361E28E7605E007EC04E /* Pokemon.swift in Sources */ = {isa = PBXBuildFile; fileRef = 1186361D28E7605E007EC04E /* Pokemon.swift */; };
		1186362028E760A6007EC04E /* PokemonImage.swift in Sources */ = {isa = PBXBuildFile; fileRef = 1186361F28E760A6007EC04E /* PokemonImage.swift */; };
		1186362428E7619F007EC04E /* PokemonAbilities.swift in Sources */ = {isa = PBXBuildFile; fileRef = 1186362328E7619F007EC04E /* PokemonAbilities.swift */; };
		1186362728E7B4FE007EC04E /* URLImage.swift in Sources */ = {isa = PBXBuildFile; fileRef = 1186362628E7B4FE007EC04E /* URLImage.swift */; };
		1186362928E7B93E007EC04E /* DetailPokemonViewModel.swift in Sources */ = {isa = PBXBuildFile; fileRef = 1186362828E7B93E007EC04E /* DetailPokemonViewModel.swift */; };
		1186362B28E7D9C8007EC04E /* PokemonDescription.swift in Sources */ = {isa = PBXBuildFile; fileRef = 1186362A28E7D9C8007EC04E /* PokemonDescription.swift */; };
		1186362E28E83113007EC04E /* Uppercase.swift in Sources */ = {isa = PBXBuildFile; fileRef = 1186362D28E83113007EC04E /* Uppercase.swift */; };
		11B0CE5228E4A4E6002A9645 /* AppDelegate.swift in Sources */ = {isa = PBXBuildFile; fileRef = 11B0CE5128E4A4E6002A9645 /* AppDelegate.swift */; };
		11B0CE5428E4A4E6002A9645 /* SceneDelegate.swift in Sources */ = {isa = PBXBuildFile; fileRef = 11B0CE5328E4A4E6002A9645 /* SceneDelegate.swift */; };
		11B0CE5928E4A4E6002A9645 /* Main.storyboard in Resources */ = {isa = PBXBuildFile; fileRef = 11B0CE5728E4A4E6002A9645 /* Main.storyboard */; };
		11B0CE5B28E4A4E9002A9645 /* Assets.xcassets in Resources */ = {isa = PBXBuildFile; fileRef = 11B0CE5A28E4A4E9002A9645 /* Assets.xcassets */; };
		11B0CE5E28E4A4E9002A9645 /* LaunchScreen.storyboard in Resources */ = {isa = PBXBuildFile; fileRef = 11B0CE5C28E4A4E9002A9645 /* LaunchScreen.storyboard */; };
		11B0CE6928E4A4E9002A9645 /* PokemonAppTests.swift in Sources */ = {isa = PBXBuildFile; fileRef = 11B0CE6828E4A4E9002A9645 /* PokemonAppTests.swift */; };
		11B0CE7328E4A4E9002A9645 /* PokemonAppUITests.swift in Sources */ = {isa = PBXBuildFile; fileRef = 11B0CE7228E4A4E9002A9645 /* PokemonAppUITests.swift */; };
		11B0CE7528E4A4E9002A9645 /* PokemonAppUITestsLaunchTests.swift in Sources */ = {isa = PBXBuildFile; fileRef = 11B0CE7428E4A4E9002A9645 /* PokemonAppUITestsLaunchTests.swift */; };
		11B0CE9328E4D5D6002A9645 /* PokemonCollectionViewCell.swift in Sources */ = {isa = PBXBuildFile; fileRef = 11B0CE8E28E4D5D6002A9645 /* PokemonCollectionViewCell.swift */; };
		11B0CE9428E4D5D6002A9645 /* PokemonView.swift in Sources */ = {isa = PBXBuildFile; fileRef = 11B0CE8F28E4D5D6002A9645 /* PokemonView.swift */; };
		11B0CE9528E4D5D6002A9645 /* CollectionPokemonViewController.swift in Sources */ = {isa = PBXBuildFile; fileRef = 11B0CE9128E4D5D6002A9645 /* CollectionPokemonViewController.swift */; };
		11B0CE9828E4D6A6002A9645 /* ColletionViewDataSource.swift in Sources */ = {isa = PBXBuildFile; fileRef = 11B0CE9728E4D6A6002A9645 /* ColletionViewDataSource.swift */; };
		11B0CE9A28E4D6B0002A9645 /* ColletionViewDelegate.swift in Sources */ = {isa = PBXBuildFile; fileRef = 11B0CE9928E4D6B0002A9645 /* ColletionViewDelegate.swift */; };
		11B0CE9C28E4D9E1002A9645 /* PokemonViewModel.swift in Sources */ = {isa = PBXBuildFile; fileRef = 11B0CE9B28E4D9E1002A9645 /* PokemonViewModel.swift */; };
/* End PBXBuildFile section */

/* Begin PBXContainerItemProxy section */
		11B0CE6528E4A4E9002A9645 /* PBXContainerItemProxy */ = {
			isa = PBXContainerItemProxy;
			containerPortal = 11B0CE4628E4A4E6002A9645 /* Project object */;
			proxyType = 1;
			remoteGlobalIDString = 11B0CE4D28E4A4E6002A9645;
			remoteInfo = PokemonApp;
		};
		11B0CE6F28E4A4E9002A9645 /* PBXContainerItemProxy */ = {
			isa = PBXContainerItemProxy;
			containerPortal = 11B0CE4628E4A4E6002A9645 /* Project object */;
			proxyType = 1;
			remoteGlobalIDString = 11B0CE4D28E4A4E6002A9645;
			remoteInfo = PokemonApp;
		};
/* End PBXContainerItemProxy section */

/* Begin PBXFileReference section */
		1186360228E68AB9007EC04E /* DetailPokemonViewController.swift */ = {isa = PBXFileReference; lastKnownFileType = sourcecode.swift; path = DetailPokemonViewController.swift; sourceTree = "<group>"; };
		1186360428E68C32007EC04E /* DetailPokemonView.swift */ = {isa = PBXFileReference; lastKnownFileType = sourcecode.swift; path = DetailPokemonView.swift; sourceTree = "<group>"; };
		1186360628E6BD55007EC04E /* PresentationLayout.swift */ = {isa = PBXFileReference; lastKnownFileType = sourcecode.swift; path = PresentationLayout.swift; sourceTree = "<group>"; };
		1186361328E6CAC7007EC04E /* PokemonService.swift */ = {isa = PBXFileReference; lastKnownFileType = sourcecode.swift; path = PokemonService.swift; sourceTree = "<group>"; };
		1186361528E72B74007EC04E /* PokemonsURL.swift */ = {isa = PBXFileReference; lastKnownFileType = sourcecode.swift; path = PokemonsURL.swift; sourceTree = "<group>"; };
		1186361728E75D10007EC04E /* PokemonResult.swift */ = {isa = PBXFileReference; lastKnownFileType = sourcecode.swift; path = PokemonResult.swift; sourceTree = "<group>"; };
		1186361B28E75DC6007EC04E /* ErrorRequest.swift */ = {isa = PBXFileReference; lastKnownFileType = sourcecode.swift; path = ErrorRequest.swift; sourceTree = "<group>"; };
		1186361D28E7605E007EC04E /* Pokemon.swift */ = {isa = PBXFileReference; lastKnownFileType = sourcecode.swift; path = Pokemon.swift; sourceTree = "<group>"; };
		1186361F28E760A6007EC04E /* PokemonImage.swift */ = {isa = PBXFileReference; lastKnownFileType = sourcecode.swift; path = PokemonImage.swift; sourceTree = "<group>"; };
		1186362328E7619F007EC04E /* PokemonAbilities.swift */ = {isa = PBXFileReference; lastKnownFileType = sourcecode.swift; path = PokemonAbilities.swift; sourceTree = "<group>"; };
		1186362628E7B4FE007EC04E /* URLImage.swift */ = {isa = PBXFileReference; lastKnownFileType = sourcecode.swift; path = URLImage.swift; sourceTree = "<group>"; };
		1186362828E7B93E007EC04E /* DetailPokemonViewModel.swift */ = {isa = PBXFileReference; lastKnownFileType = sourcecode.swift; path = DetailPokemonViewModel.swift; sourceTree = "<group>"; };
		1186362A28E7D9C8007EC04E /* PokemonDescription.swift */ = {isa = PBXFileReference; lastKnownFileType = sourcecode.swift; path = PokemonDescription.swift; sourceTree = "<group>"; };
		1186362D28E83113007EC04E /* Uppercase.swift */ = {isa = PBXFileReference; lastKnownFileType = sourcecode.swift; path = Uppercase.swift; sourceTree = "<group>"; };
		11B0CE4E28E4A4E6002A9645 /* PokemonApp.app */ = {isa = PBXFileReference; explicitFileType = wrapper.application; includeInIndex = 0; path = PokemonApp.app; sourceTree = BUILT_PRODUCTS_DIR; };
		11B0CE5128E4A4E6002A9645 /* AppDelegate.swift */ = {isa = PBXFileReference; lastKnownFileType = sourcecode.swift; path = AppDelegate.swift; sourceTree = "<group>"; };
		11B0CE5328E4A4E6002A9645 /* SceneDelegate.swift */ = {isa = PBXFileReference; lastKnownFileType = sourcecode.swift; path = SceneDelegate.swift; sourceTree = "<group>"; };
		11B0CE5828E4A4E6002A9645 /* Base */ = {isa = PBXFileReference; lastKnownFileType = file.storyboard; name = Base; path = Base.lproj/Main.storyboard; sourceTree = "<group>"; };
		11B0CE5A28E4A4E9002A9645 /* Assets.xcassets */ = {isa = PBXFileReference; lastKnownFileType = folder.assetcatalog; path = Assets.xcassets; sourceTree = "<group>"; };
		11B0CE5D28E4A4E9002A9645 /* Base */ = {isa = PBXFileReference; lastKnownFileType = file.storyboard; name = Base; path = Base.lproj/LaunchScreen.storyboard; sourceTree = "<group>"; };
		11B0CE5F28E4A4E9002A9645 /* Info.plist */ = {isa = PBXFileReference; lastKnownFileType = text.plist.xml; path = Info.plist; sourceTree = "<group>"; };
		11B0CE6428E4A4E9002A9645 /* PokemonAppTests.xctest */ = {isa = PBXFileReference; explicitFileType = wrapper.cfbundle; includeInIndex = 0; path = PokemonAppTests.xctest; sourceTree = BUILT_PRODUCTS_DIR; };
		11B0CE6828E4A4E9002A9645 /* PokemonAppTests.swift */ = {isa = PBXFileReference; lastKnownFileType = sourcecode.swift; path = PokemonAppTests.swift; sourceTree = "<group>"; };
		11B0CE6E28E4A4E9002A9645 /* PokemonAppUITests.xctest */ = {isa = PBXFileReference; explicitFileType = wrapper.cfbundle; includeInIndex = 0; path = PokemonAppUITests.xctest; sourceTree = BUILT_PRODUCTS_DIR; };
		11B0CE7228E4A4E9002A9645 /* PokemonAppUITests.swift */ = {isa = PBXFileReference; lastKnownFileType = sourcecode.swift; path = PokemonAppUITests.swift; sourceTree = "<group>"; };
		11B0CE7428E4A4E9002A9645 /* PokemonAppUITestsLaunchTests.swift */ = {isa = PBXFileReference; lastKnownFileType = sourcecode.swift; path = PokemonAppUITestsLaunchTests.swift; sourceTree = "<group>"; };
		11B0CE8E28E4D5D6002A9645 /* PokemonCollectionViewCell.swift */ = {isa = PBXFileReference; fileEncoding = 4; lastKnownFileType = sourcecode.swift; path = PokemonCollectionViewCell.swift; sourceTree = "<group>"; };
		11B0CE8F28E4D5D6002A9645 /* PokemonView.swift */ = {isa = PBXFileReference; fileEncoding = 4; lastKnownFileType = sourcecode.swift; path = PokemonView.swift; sourceTree = "<group>"; };
		11B0CE9128E4D5D6002A9645 /* CollectionPokemonViewController.swift */ = {isa = PBXFileReference; fileEncoding = 4; lastKnownFileType = sourcecode.swift; path = CollectionPokemonViewController.swift; sourceTree = "<group>"; };
		11B0CE9728E4D6A6002A9645 /* ColletionViewDataSource.swift */ = {isa = PBXFileReference; lastKnownFileType = sourcecode.swift; path = ColletionViewDataSource.swift; sourceTree = "<group>"; };
		11B0CE9928E4D6B0002A9645 /* ColletionViewDelegate.swift */ = {isa = PBXFileReference; lastKnownFileType = sourcecode.swift; path = ColletionViewDelegate.swift; sourceTree = "<group>"; };
		11B0CE9B28E4D9E1002A9645 /* PokemonViewModel.swift */ = {isa = PBXFileReference; lastKnownFileType = sourcecode.swift; path = PokemonViewModel.swift; sourceTree = "<group>"; };
/* End PBXFileReference section */

/* Begin PBXFrameworksBuildPhase section */
		11B0CE4B28E4A4E6002A9645 /* Frameworks */ = {
			isa = PBXFrameworksBuildPhase;
			buildActionMask = 2147483647;
			files = (
				1186361128E6CAA0007EC04E /* Alamofire in Frameworks */,
			);
			runOnlyForDeploymentPostprocessing = 0;
		};
		11B0CE6128E4A4E9002A9645 /* Frameworks */ = {
			isa = PBXFrameworksBuildPhase;
			buildActionMask = 2147483647;
			files = (
			);
			runOnlyForDeploymentPostprocessing = 0;
		};
		11B0CE6B28E4A4E9002A9645 /* Frameworks */ = {
			isa = PBXFrameworksBuildPhase;
			buildActionMask = 2147483647;
			files = (
			);
			runOnlyForDeploymentPostprocessing = 0;
		};
/* End PBXFrameworksBuildPhase section */

/* Begin PBXGroup section */
		1186360828E6C827007EC04E /* DataSource */ = {
			isa = PBXGroup;
			children = (
				11B0CE9728E4D6A6002A9645 /* ColletionViewDataSource.swift */,
			);
			path = DataSource;
			sourceTree = "<group>";
		};
		1186360928E6C82F007EC04E /* Delegate */ = {
			isa = PBXGroup;
			children = (
				11B0CE9928E4D6B0002A9645 /* ColletionViewDelegate.swift */,
			);
			path = Delegate;
			sourceTree = "<group>";
		};
		1186360A28E6C84A007EC04E /* CollectionViewCell */ = {
			isa = PBXGroup;
			children = (
				11B0CE8E28E4D5D6002A9645 /* PokemonCollectionViewCell.swift */,
			);
			path = CollectionViewCell;
			sourceTree = "<group>";
		};
		1186360B28E6C861007EC04E /* PokemonDetail */ = {
			isa = PBXGroup;
			children = (
				1186360D28E6C885007EC04E /* View */,
				1186362C28E82F26007EC04E /* ViewModel */,
				1186360C28E6C87C007EC04E /* ViewController */,
			);
			path = PokemonDetail;
			sourceTree = "<group>";
		};
		1186360C28E6C87C007EC04E /* ViewController */ = {
			isa = PBXGroup;
			children = (
				1186360228E68AB9007EC04E /* DetailPokemonViewController.swift */,
			);
			path = ViewController;
			sourceTree = "<group>";
		};
		1186360D28E6C885007EC04E /* View */ = {
			isa = PBXGroup;
			children = (
				1186360428E68C32007EC04E /* DetailPokemonView.swift */,
			);
			path = View;
			sourceTree = "<group>";
		};
		1186360E28E6C897007EC04E /* PokemonList */ = {
			isa = PBXGroup;
			children = (
				1186361228E6CAB7007EC04E /* API */,
				11B0CE9028E4D5D6002A9645 /* ViewController */,
				11B0CE9228E4D5D6002A9645 /* Model */,
				11B0CE8D28E4D5D6002A9645 /* View */,
				11B0CE8C28E4D5D6002A9645 /* ViewModel */,
			);
			path = PokemonList;
			sourceTree = "<group>";
		};
		1186361228E6CAB7007EC04E /* API */ = {
			isa = PBXGroup;
			children = (
				1186361328E6CAC7007EC04E /* PokemonService.swift */,
			);
			path = API;
			sourceTree = "<group>";
		};
		1186361928E75DB2007EC04E /* Utils */ = {
			isa = PBXGroup;
			children = (
				1186362F28E8716D007EC04E /* Uppercase */,
				1186362528E7B4E6007EC04E /* URLImage */,
				1186361A28E75DB8007EC04E /* Error */,
			);
			path = Utils;
			sourceTree = "<group>";
		};
		1186361A28E75DB8007EC04E /* Error */ = {
			isa = PBXGroup;
			children = (
				1186361B28E75DC6007EC04E /* ErrorRequest.swift */,
			);
			path = Error;
			sourceTree = "<group>";
		};
		1186362528E7B4E6007EC04E /* URLImage */ = {
			isa = PBXGroup;
			children = (
				1186362628E7B4FE007EC04E /* URLImage.swift */,
			);
			path = URLImage;
			sourceTree = "<group>";
		};
		1186362C28E82F26007EC04E /* ViewModel */ = {
			isa = PBXGroup;
			children = (
				1186362828E7B93E007EC04E /* DetailPokemonViewModel.swift */,
			);
			path = ViewModel;
			sourceTree = "<group>";
		};
		1186362F28E8716D007EC04E /* Uppercase */ = {
			isa = PBXGroup;
			children = (
				1186362D28E83113007EC04E /* Uppercase.swift */,
			);
			path = Uppercase;
			sourceTree = "<group>";
		};
		11B0CE4528E4A4E6002A9645 = {
			isa = PBXGroup;
			children = (
				11B0CE5028E4A4E6002A9645 /* PokemonApp */,
				11B0CE6728E4A4E9002A9645 /* PokemonAppTests */,
				11B0CE7128E4A4E9002A9645 /* PokemonAppUITests */,
				11B0CE4F28E4A4E6002A9645 /* Products */,
			);
			sourceTree = "<group>";
		};
		11B0CE4F28E4A4E6002A9645 /* Products */ = {
			isa = PBXGroup;
			children = (
				11B0CE4E28E4A4E6002A9645 /* PokemonApp.app */,
				11B0CE6428E4A4E9002A9645 /* PokemonAppTests.xctest */,
				11B0CE6E28E4A4E9002A9645 /* PokemonAppUITests.xctest */,
			);
			name = Products;
			sourceTree = "<group>";
		};
		11B0CE5028E4A4E6002A9645 /* PokemonApp */ = {
			isa = PBXGroup;
			children = (
				1186361928E75DB2007EC04E /* Utils */,
				1186360E28E6C897007EC04E /* PokemonList */,
				1186360B28E6C861007EC04E /* PokemonDetail */,
				11B0CE5128E4A4E6002A9645 /* AppDelegate.swift */,
				11B0CE5328E4A4E6002A9645 /* SceneDelegate.swift */,
				11B0CE5728E4A4E6002A9645 /* Main.storyboard */,
				11B0CE5A28E4A4E9002A9645 /* Assets.xcassets */,
				11B0CE5C28E4A4E9002A9645 /* LaunchScreen.storyboard */,
				11B0CE5F28E4A4E9002A9645 /* Info.plist */,
			);
			path = PokemonApp;
			sourceTree = "<group>";
		};
		11B0CE6728E4A4E9002A9645 /* PokemonAppTests */ = {
			isa = PBXGroup;
			children = (
				11B0CE6828E4A4E9002A9645 /* PokemonAppTests.swift */,
			);
			path = PokemonAppTests;
			sourceTree = "<group>";
		};
		11B0CE7128E4A4E9002A9645 /* PokemonAppUITests */ = {
			isa = PBXGroup;
			children = (
				11B0CE7228E4A4E9002A9645 /* PokemonAppUITests.swift */,
				11B0CE7428E4A4E9002A9645 /* PokemonAppUITestsLaunchTests.swift */,
			);
			path = PokemonAppUITests;
			sourceTree = "<group>";
		};
		11B0CE8C28E4D5D6002A9645 /* ViewModel */ = {
			isa = PBXGroup;
			children = (
				11B0CE9B28E4D9E1002A9645 /* PokemonViewModel.swift */,
			);
			path = ViewModel;
			sourceTree = "<group>";
		};
		11B0CE8D28E4D5D6002A9645 /* View */ = {
			isa = PBXGroup;
			children = (
				11B0CE8F28E4D5D6002A9645 /* PokemonView.swift */,
				1186360A28E6C84A007EC04E /* CollectionViewCell */,
			);
			path = View;
			sourceTree = "<group>";
		};
		11B0CE9028E4D5D6002A9645 /* ViewController */ = {
			isa = PBXGroup;
			children = (
				11B0CE9128E4D5D6002A9645 /* CollectionPokemonViewController.swift */,
				1186360928E6C82F007EC04E /* Delegate */,
				1186360828E6C827007EC04E /* DataSource */,
			);
			path = ViewController;
			sourceTree = "<group>";
		};
		11B0CE9228E4D5D6002A9645 /* Model */ = {
			isa = PBXGroup;
			children = (
				1186360628E6BD55007EC04E /* PresentationLayout.swift */,
				1186361528E72B74007EC04E /* PokemonsURL.swift */,
				1186361728E75D10007EC04E /* PokemonResult.swift */,
				1186361D28E7605E007EC04E /* Pokemon.swift */,
				1186361F28E760A6007EC04E /* PokemonImage.swift */,
				1186362328E7619F007EC04E /* PokemonAbilities.swift */,
				1186362A28E7D9C8007EC04E /* PokemonDescription.swift */,
			);
			path = Model;
			sourceTree = "<group>";
		};
/* End PBXGroup section */

/* Begin PBXNativeTarget section */
		11B0CE4D28E4A4E6002A9645 /* PokemonApp */ = {
			isa = PBXNativeTarget;
			buildConfigurationList = 11B0CE7828E4A4E9002A9645 /* Build configuration list for PBXNativeTarget "PokemonApp" */;
			buildPhases = (
				11B0CE4A28E4A4E6002A9645 /* Sources */,
				11B0CE4B28E4A4E6002A9645 /* Frameworks */,
				11B0CE4C28E4A4E6002A9645 /* Resources */,
			);
			buildRules = (
			);
			dependencies = (
			);
			name = PokemonApp;
			packageProductDependencies = (
				1186361028E6CAA0007EC04E /* Alamofire */,
			);
			productName = PokemonApp;
			productReference = 11B0CE4E28E4A4E6002A9645 /* PokemonApp.app */;
			productType = "com.apple.product-type.application";
		};
		11B0CE6328E4A4E9002A9645 /* PokemonAppTests */ = {
			isa = PBXNativeTarget;
			buildConfigurationList = 11B0CE7B28E4A4E9002A9645 /* Build configuration list for PBXNativeTarget "PokemonAppTests" */;
			buildPhases = (
				11B0CE6028E4A4E9002A9645 /* Sources */,
				11B0CE6128E4A4E9002A9645 /* Frameworks */,
				11B0CE6228E4A4E9002A9645 /* Resources */,
			);
			buildRules = (
			);
			dependencies = (
				11B0CE6628E4A4E9002A9645 /* PBXTargetDependency */,
			);
			name = PokemonAppTests;
			productName = PokemonAppTests;
			productReference = 11B0CE6428E4A4E9002A9645 /* PokemonAppTests.xctest */;
			productType = "com.apple.product-type.bundle.unit-test";
		};
		11B0CE6D28E4A4E9002A9645 /* PokemonAppUITests */ = {
			isa = PBXNativeTarget;
			buildConfigurationList = 11B0CE7E28E4A4E9002A9645 /* Build configuration list for PBXNativeTarget "PokemonAppUITests" */;
			buildPhases = (
				11B0CE6A28E4A4E9002A9645 /* Sources */,
				11B0CE6B28E4A4E9002A9645 /* Frameworks */,
				11B0CE6C28E4A4E9002A9645 /* Resources */,
			);
			buildRules = (
			);
			dependencies = (
				11B0CE7028E4A4E9002A9645 /* PBXTargetDependency */,
			);
			name = PokemonAppUITests;
			productName = PokemonAppUITests;
			productReference = 11B0CE6E28E4A4E9002A9645 /* PokemonAppUITests.xctest */;
			productType = "com.apple.product-type.bundle.ui-testing";
		};
/* End PBXNativeTarget section */

/* Begin PBXProject section */
		11B0CE4628E4A4E6002A9645 /* Project object */ = {
			isa = PBXProject;
			attributes = {
				BuildIndependentTargetsInParallel = 1;
				LastSwiftUpdateCheck = 1340;
				LastUpgradeCheck = 1340;
				TargetAttributes = {
					11B0CE4D28E4A4E6002A9645 = {
						CreatedOnToolsVersion = 13.4.1;
					};
					11B0CE6328E4A4E9002A9645 = {
						CreatedOnToolsVersion = 13.4.1;
						TestTargetID = 11B0CE4D28E4A4E6002A9645;
					};
					11B0CE6D28E4A4E9002A9645 = {
						CreatedOnToolsVersion = 13.4.1;
						TestTargetID = 11B0CE4D28E4A4E6002A9645;
					};
				};
			};
			buildConfigurationList = 11B0CE4928E4A4E6002A9645 /* Build configuration list for PBXProject "PokemonApp" */;
			compatibilityVersion = "Xcode 13.0";
			developmentRegion = en;
			hasScannedForEncodings = 0;
			knownRegions = (
				en,
				Base,
			);
			mainGroup = 11B0CE4528E4A4E6002A9645;
			packageReferences = (
				1186360F28E6CAA0007EC04E /* XCRemoteSwiftPackageReference "Alamofire" */,
			);
			productRefGroup = 11B0CE4F28E4A4E6002A9645 /* Products */;
			projectDirPath = "";
			projectRoot = "";
			targets = (
				11B0CE4D28E4A4E6002A9645 /* PokemonApp */,
				11B0CE6328E4A4E9002A9645 /* PokemonAppTests */,
				11B0CE6D28E4A4E9002A9645 /* PokemonAppUITests */,
			);
		};
/* End PBXProject section */

/* Begin PBXResourcesBuildPhase section */
		11B0CE4C28E4A4E6002A9645 /* Resources */ = {
			isa = PBXResourcesBuildPhase;
			buildActionMask = 2147483647;
			files = (
				11B0CE5E28E4A4E9002A9645 /* LaunchScreen.storyboard in Resources */,
				11B0CE5B28E4A4E9002A9645 /* Assets.xcassets in Resources */,
				11B0CE5928E4A4E6002A9645 /* Main.storyboard in Resources */,
			);
			runOnlyForDeploymentPostprocessing = 0;
		};
		11B0CE6228E4A4E9002A9645 /* Resources */ = {
			isa = PBXResourcesBuildPhase;
			buildActionMask = 2147483647;
			files = (
			);
			runOnlyForDeploymentPostprocessing = 0;
		};
		11B0CE6C28E4A4E9002A9645 /* Resources */ = {
			isa = PBXResourcesBuildPhase;
			buildActionMask = 2147483647;
			files = (
			);
			runOnlyForDeploymentPostprocessing = 0;
		};
/* End PBXResourcesBuildPhase section */

/* Begin PBXSourcesBuildPhase section */
		11B0CE4A28E4A4E6002A9645 /* Sources */ = {
			isa = PBXSourcesBuildPhase;
			buildActionMask = 2147483647;
			files = (
				11B0CE9828E4D6A6002A9645 /* ColletionViewDataSource.swift in Sources */,
				1186361E28E7605E007EC04E /* Pokemon.swift in Sources */,
				1186361628E72B74007EC04E /* PokemonsURL.swift in Sources */,
				1186362928E7B93E007EC04E /* DetailPokemonViewModel.swift in Sources */,
				11B0CE9528E4D5D6002A9645 /* CollectionPokemonViewController.swift in Sources */,
				11B0CE5228E4A4E6002A9645 /* AppDelegate.swift in Sources */,
				1186362028E760A6007EC04E /* PokemonImage.swift in Sources */,
				1186361828E75D10007EC04E /* PokemonResult.swift in Sources */,
				1186362B28E7D9C8007EC04E /* PokemonDescription.swift in Sources */,
				11B0CE9A28E4D6B0002A9645 /* ColletionViewDelegate.swift in Sources */,
				1186362428E7619F007EC04E /* PokemonAbilities.swift in Sources */,
				1186360328E68AB9007EC04E /* DetailPokemonViewController.swift in Sources */,
				1186361C28E75DC6007EC04E /* ErrorRequest.swift in Sources */,
				1186361428E6CAC7007EC04E /* PokemonService.swift in Sources */,
				1186360728E6BD55007EC04E /* PresentationLayout.swift in Sources */,
				11B0CE9328E4D5D6002A9645 /* PokemonCollectionViewCell.swift in Sources */,
				11B0CE9428E4D5D6002A9645 /* PokemonView.swift in Sources */,
				1186360528E68C32007EC04E /* DetailPokemonView.swift in Sources */,
				11B0CE9C28E4D9E1002A9645 /* PokemonViewModel.swift in Sources */,
				11B0CE5428E4A4E6002A9645 /* SceneDelegate.swift in Sources */,
				1186362E28E83113007EC04E /* Uppercase.swift in Sources */,
				1186362728E7B4FE007EC04E /* URLImage.swift in Sources */,
			);
			runOnlyForDeploymentPostprocessing = 0;
		};
		11B0CE6028E4A4E9002A9645 /* Sources */ = {
			isa = PBXSourcesBuildPhase;
			buildActionMask = 2147483647;
			files = (
				11B0CE6928E4A4E9002A9645 /* PokemonAppTests.swift in Sources */,
			);
			runOnlyForDeploymentPostprocessing = 0;
		};
		11B0CE6A28E4A4E9002A9645 /* Sources */ = {
			isa = PBXSourcesBuildPhase;
			buildActionMask = 2147483647;
			files = (
				11B0CE7528E4A4E9002A9645 /* PokemonAppUITestsLaunchTests.swift in Sources */,
				11B0CE7328E4A4E9002A9645 /* PokemonAppUITests.swift in Sources */,
			);
			runOnlyForDeploymentPostprocessing = 0;
		};
/* End PBXSourcesBuildPhase section */

/* Begin PBXTargetDependency section */
		11B0CE6628E4A4E9002A9645 /* PBXTargetDependency */ = {
			isa = PBXTargetDependency;
			target = 11B0CE4D28E4A4E6002A9645 /* PokemonApp */;
			targetProxy = 11B0CE6528E4A4E9002A9645 /* PBXContainerItemProxy */;
		};
		11B0CE7028E4A4E9002A9645 /* PBXTargetDependency */ = {
			isa = PBXTargetDependency;
			target = 11B0CE4D28E4A4E6002A9645 /* PokemonApp */;
			targetProxy = 11B0CE6F28E4A4E9002A9645 /* PBXContainerItemProxy */;
		};
/* End PBXTargetDependency section */

/* Begin PBXVariantGroup section */
		11B0CE5728E4A4E6002A9645 /* Main.storyboard */ = {
			isa = PBXVariantGroup;
			children = (
				11B0CE5828E4A4E6002A9645 /* Base */,
			);
			name = Main.storyboard;
			sourceTree = "<group>";
		};
		11B0CE5C28E4A4E9002A9645 /* LaunchScreen.storyboard */ = {
			isa = PBXVariantGroup;
			children = (
				11B0CE5D28E4A4E9002A9645 /* Base */,
			);
			name = LaunchScreen.storyboard;
			sourceTree = "<group>";
		};
/* End PBXVariantGroup section */

/* Begin XCBuildConfiguration section */
		11B0CE7628E4A4E9002A9645 /* Debug */ = {
			isa = XCBuildConfiguration;
			buildSettings = {
				ALWAYS_SEARCH_USER_PATHS = NO;
				CLANG_ANALYZER_NONNULL = YES;
				CLANG_ANALYZER_NUMBER_OBJECT_CONVERSION = YES_AGGRESSIVE;
				CLANG_CXX_LANGUAGE_STANDARD = "gnu++17";
				CLANG_ENABLE_MODULES = YES;
				CLANG_ENABLE_OBJC_ARC = YES;
				CLANG_ENABLE_OBJC_WEAK = YES;
				CLANG_WARN_BLOCK_CAPTURE_AUTORELEASING = YES;
				CLANG_WARN_BOOL_CONVERSION = YES;
				CLANG_WARN_COMMA = YES;
				CLANG_WARN_CONSTANT_CONVERSION = YES;
				CLANG_WARN_DEPRECATED_OBJC_IMPLEMENTATIONS = YES;
				CLANG_WARN_DIRECT_OBJC_ISA_USAGE = YES_ERROR;
				CLANG_WARN_DOCUMENTATION_COMMENTS = YES;
				CLANG_WARN_EMPTY_BODY = YES;
				CLANG_WARN_ENUM_CONVERSION = YES;
				CLANG_WARN_INFINITE_RECURSION = YES;
				CLANG_WARN_INT_CONVERSION = YES;
				CLANG_WARN_NON_LITERAL_NULL_CONVERSION = YES;
				CLANG_WARN_OBJC_IMPLICIT_RETAIN_SELF = YES;
				CLANG_WARN_OBJC_LITERAL_CONVERSION = YES;
				CLANG_WARN_OBJC_ROOT_CLASS = YES_ERROR;
				CLANG_WARN_QUOTED_INCLUDE_IN_FRAMEWORK_HEADER = YES;
				CLANG_WARN_RANGE_LOOP_ANALYSIS = YES;
				CLANG_WARN_STRICT_PROTOTYPES = YES;
				CLANG_WARN_SUSPICIOUS_MOVE = YES;
				CLANG_WARN_UNGUARDED_AVAILABILITY = YES_AGGRESSIVE;
				CLANG_WARN_UNREACHABLE_CODE = YES;
				CLANG_WARN__DUPLICATE_METHOD_MATCH = YES;
				COPY_PHASE_STRIP = NO;
				DEBUG_INFORMATION_FORMAT = dwarf;
				ENABLE_STRICT_OBJC_MSGSEND = YES;
				ENABLE_TESTABILITY = YES;
				GCC_C_LANGUAGE_STANDARD = gnu11;
				GCC_DYNAMIC_NO_PIC = NO;
				GCC_NO_COMMON_BLOCKS = YES;
				GCC_OPTIMIZATION_LEVEL = 0;
				GCC_PREPROCESSOR_DEFINITIONS = (
					"DEBUG=1",
					"$(inherited)",
				);
				GCC_WARN_64_TO_32_BIT_CONVERSION = YES;
				GCC_WARN_ABOUT_RETURN_TYPE = YES_ERROR;
				GCC_WARN_UNDECLARED_SELECTOR = YES;
				GCC_WARN_UNINITIALIZED_AUTOS = YES_AGGRESSIVE;
				GCC_WARN_UNUSED_FUNCTION = YES;
				GCC_WARN_UNUSED_VARIABLE = YES;
				IPHONEOS_DEPLOYMENT_TARGET = 15.5;
				MTL_ENABLE_DEBUG_INFO = INCLUDE_SOURCE;
				MTL_FAST_MATH = YES;
				ONLY_ACTIVE_ARCH = YES;
				SDKROOT = iphoneos;
				SWIFT_ACTIVE_COMPILATION_CONDITIONS = DEBUG;
				SWIFT_OPTIMIZATION_LEVEL = "-Onone";
			};
			name = Debug;
		};
		11B0CE7728E4A4E9002A9645 /* Release */ = {
			isa = XCBuildConfiguration;
			buildSettings = {
				ALWAYS_SEARCH_USER_PATHS = NO;
				CLANG_ANALYZER_NONNULL = YES;
				CLANG_ANALYZER_NUMBER_OBJECT_CONVERSION = YES_AGGRESSIVE;
				CLANG_CXX_LANGUAGE_STANDARD = "gnu++17";
				CLANG_ENABLE_MODULES = YES;
				CLANG_ENABLE_OBJC_ARC = YES;
				CLANG_ENABLE_OBJC_WEAK = YES;
				CLANG_WARN_BLOCK_CAPTURE_AUTORELEASING = YES;
				CLANG_WARN_BOOL_CONVERSION = YES;
				CLANG_WARN_COMMA = YES;
				CLANG_WARN_CONSTANT_CONVERSION = YES;
				CLANG_WARN_DEPRECATED_OBJC_IMPLEMENTATIONS = YES;
				CLANG_WARN_DIRECT_OBJC_ISA_USAGE = YES_ERROR;
				CLANG_WARN_DOCUMENTATION_COMMENTS = YES;
				CLANG_WARN_EMPTY_BODY = YES;
				CLANG_WARN_ENUM_CONVERSION = YES;
				CLANG_WARN_INFINITE_RECURSION = YES;
				CLANG_WARN_INT_CONVERSION = YES;
				CLANG_WARN_NON_LITERAL_NULL_CONVERSION = YES;
				CLANG_WARN_OBJC_IMPLICIT_RETAIN_SELF = YES;
				CLANG_WARN_OBJC_LITERAL_CONVERSION = YES;
				CLANG_WARN_OBJC_ROOT_CLASS = YES_ERROR;
				CLANG_WARN_QUOTED_INCLUDE_IN_FRAMEWORK_HEADER = YES;
				CLANG_WARN_RANGE_LOOP_ANALYSIS = YES;
				CLANG_WARN_STRICT_PROTOTYPES = YES;
				CLANG_WARN_SUSPICIOUS_MOVE = YES;
				CLANG_WARN_UNGUARDED_AVAILABILITY = YES_AGGRESSIVE;
				CLANG_WARN_UNREACHABLE_CODE = YES;
				CLANG_WARN__DUPLICATE_METHOD_MATCH = YES;
				COPY_PHASE_STRIP = NO;
				DEBUG_INFORMATION_FORMAT = "dwarf-with-dsym";
				ENABLE_NS_ASSERTIONS = NO;
				ENABLE_STRICT_OBJC_MSGSEND = YES;
				GCC_C_LANGUAGE_STANDARD = gnu11;
				GCC_NO_COMMON_BLOCKS = YES;
				GCC_WARN_64_TO_32_BIT_CONVERSION = YES;
				GCC_WARN_ABOUT_RETURN_TYPE = YES_ERROR;
				GCC_WARN_UNDECLARED_SELECTOR = YES;
				GCC_WARN_UNINITIALIZED_AUTOS = YES_AGGRESSIVE;
				GCC_WARN_UNUSED_FUNCTION = YES;
				GCC_WARN_UNUSED_VARIABLE = YES;
				IPHONEOS_DEPLOYMENT_TARGET = 15.5;
				MTL_ENABLE_DEBUG_INFO = NO;
				MTL_FAST_MATH = YES;
				SDKROOT = iphoneos;
				SWIFT_COMPILATION_MODE = wholemodule;
				SWIFT_OPTIMIZATION_LEVEL = "-O";
				VALIDATE_PRODUCT = YES;
			};
			name = Release;
		};
		11B0CE7928E4A4E9002A9645 /* Debug */ = {
			isa = XCBuildConfiguration;
			buildSettings = {
				ASSETCATALOG_COMPILER_APPICON_NAME = AppIcon;
				ASSETCATALOG_COMPILER_GLOBAL_ACCENT_COLOR_NAME = AccentColor;
				CODE_SIGN_STYLE = Automatic;
				CURRENT_PROJECT_VERSION = 1;
				DEVELOPMENT_TEAM = Z3L22W4383;
				GENERATE_INFOPLIST_FILE = YES;
				INFOPLIST_FILE = PokemonApp/Info.plist;
				INFOPLIST_KEY_UIApplicationSupportsIndirectInputEvents = YES;
				INFOPLIST_KEY_UILaunchStoryboardName = LaunchScreen;
				INFOPLIST_KEY_UISupportedInterfaceOrientations_iPad = "UIInterfaceOrientationPortrait UIInterfaceOrientationPortraitUpsideDown UIInterfaceOrientationLandscapeLeft UIInterfaceOrientationLandscapeRight";
				INFOPLIST_KEY_UISupportedInterfaceOrientations_iPhone = "UIInterfaceOrientationPortrait UIInterfaceOrientationLandscapeLeft UIInterfaceOrientationLandscapeRight";
				LD_RUNPATH_SEARCH_PATHS = (
					"$(inherited)",
					"@executable_path/Frameworks",
				);
				MARKETING_VERSION = 1.0;
				PRODUCT_BUNDLE_IDENTIFIER = Milena.PokemonApp;
				PRODUCT_NAME = "$(TARGET_NAME)";
				SWIFT_EMIT_LOC_STRINGS = YES;
				SWIFT_VERSION = 5.0;
				TARGETED_DEVICE_FAMILY = "1,2";
			};
			name = Debug;
		};
		11B0CE7A28E4A4E9002A9645 /* Release */ = {
			isa = XCBuildConfiguration;
			buildSettings = {
				ASSETCATALOG_COMPILER_APPICON_NAME = AppIcon;
				ASSETCATALOG_COMPILER_GLOBAL_ACCENT_COLOR_NAME = AccentColor;
				CODE_SIGN_STYLE = Automatic;
				CURRENT_PROJECT_VERSION = 1;
				DEVELOPMENT_TEAM = Z3L22W4383;
				GENERATE_INFOPLIST_FILE = YES;
				INFOPLIST_FILE = PokemonApp/Info.plist;
				INFOPLIST_KEY_UIApplicationSupportsIndirectInputEvents = YES;
				INFOPLIST_KEY_UILaunchStoryboardName = LaunchScreen;
				INFOPLIST_KEY_UISupportedInterfaceOrientations_iPad = "UIInterfaceOrientationPortrait UIInterfaceOrientationPortraitUpsideDown UIInterfaceOrientationLandscapeLeft UIInterfaceOrientationLandscapeRight";
				INFOPLIST_KEY_UISupportedInterfaceOrientations_iPhone = "UIInterfaceOrientationPortrait UIInterfaceOrientationLandscapeLeft UIInterfaceOrientationLandscapeRight";
				LD_RUNPATH_SEARCH_PATHS = (
					"$(inherited)",
					"@executable_path/Frameworks",
				);
				MARKETING_VERSION = 1.0;
				PRODUCT_BUNDLE_IDENTIFIER = Milena.PokemonApp;
				PRODUCT_NAME = "$(TARGET_NAME)";
				SWIFT_EMIT_LOC_STRINGS = YES;
				SWIFT_VERSION = 5.0;
				TARGETED_DEVICE_FAMILY = "1,2";
			};
			name = Release;
		};
		11B0CE7C28E4A4E9002A9645 /* Debug */ = {
			isa = XCBuildConfiguration;
			buildSettings = {
				ALWAYS_EMBED_SWIFT_STANDARD_LIBRARIES = YES;
				BUNDLE_LOADER = "$(TEST_HOST)";
				CODE_SIGN_STYLE = Automatic;
				CURRENT_PROJECT_VERSION = 1;
				DEVELOPMENT_TEAM = Z3L22W4383;
				GENERATE_INFOPLIST_FILE = YES;
				IPHONEOS_DEPLOYMENT_TARGET = 15.5;
				MARKETING_VERSION = 1.0;
				PRODUCT_BUNDLE_IDENTIFIER = Milena.PokemonAppTests;
				PRODUCT_NAME = "$(TARGET_NAME)";
				SWIFT_EMIT_LOC_STRINGS = NO;
				SWIFT_VERSION = 5.0;
				TARGETED_DEVICE_FAMILY = "1,2";
				TEST_HOST = "$(BUILT_PRODUCTS_DIR)/PokemonApp.app/PokemonApp";
			};
			name = Debug;
		};
		11B0CE7D28E4A4E9002A9645 /* Release */ = {
			isa = XCBuildConfiguration;
			buildSettings = {
				ALWAYS_EMBED_SWIFT_STANDARD_LIBRARIES = YES;
				BUNDLE_LOADER = "$(TEST_HOST)";
				CODE_SIGN_STYLE = Automatic;
				CURRENT_PROJECT_VERSION = 1;
				DEVELOPMENT_TEAM = Z3L22W4383;
				GENERATE_INFOPLIST_FILE = YES;
				IPHONEOS_DEPLOYMENT_TARGET = 15.5;
				MARKETING_VERSION = 1.0;
				PRODUCT_BUNDLE_IDENTIFIER = Milena.PokemonAppTests;
				PRODUCT_NAME = "$(TARGET_NAME)";
				SWIFT_EMIT_LOC_STRINGS = NO;
				SWIFT_VERSION = 5.0;
				TARGETED_DEVICE_FAMILY = "1,2";
				TEST_HOST = "$(BUILT_PRODUCTS_DIR)/PokemonApp.app/PokemonApp";
			};
			name = Release;
		};
		11B0CE7F28E4A4E9002A9645 /* Debug */ = {
			isa = XCBuildConfiguration;
			buildSettings = {
				ALWAYS_EMBED_SWIFT_STANDARD_LIBRARIES = YES;
				CODE_SIGN_STYLE = Automatic;
				CURRENT_PROJECT_VERSION = 1;
				DEVELOPMENT_TEAM = Z3L22W4383;
				GENERATE_INFOPLIST_FILE = YES;
				MARKETING_VERSION = 1.0;
				PRODUCT_BUNDLE_IDENTIFIER = Milena.PokemonAppUITests;
				PRODUCT_NAME = "$(TARGET_NAME)";
				SWIFT_EMIT_LOC_STRINGS = NO;
				SWIFT_VERSION = 5.0;
				TARGETED_DEVICE_FAMILY = "1,2";
				TEST_TARGET_NAME = PokemonApp;
			};
			name = Debug;
		};
		11B0CE8028E4A4E9002A9645 /* Release */ = {
			isa = XCBuildConfiguration;
			buildSettings = {
				ALWAYS_EMBED_SWIFT_STANDARD_LIBRARIES = YES;
				CODE_SIGN_STYLE = Automatic;
				CURRENT_PROJECT_VERSION = 1;
				DEVELOPMENT_TEAM = Z3L22W4383;
				GENERATE_INFOPLIST_FILE = YES;
				MARKETING_VERSION = 1.0;
				PRODUCT_BUNDLE_IDENTIFIER = Milena.PokemonAppUITests;
				PRODUCT_NAME = "$(TARGET_NAME)";
				SWIFT_EMIT_LOC_STRINGS = NO;
				SWIFT_VERSION = 5.0;
				TARGETED_DEVICE_FAMILY = "1,2";
				TEST_TARGET_NAME = PokemonApp;
			};
			name = Release;
		};
/* End XCBuildConfiguration section */

/* Begin XCConfigurationList section */
		11B0CE4928E4A4E6002A9645 /* Build configuration list for PBXProject "PokemonApp" */ = {
			isa = XCConfigurationList;
			buildConfigurations = (
				11B0CE7628E4A4E9002A9645 /* Debug */,
				11B0CE7728E4A4E9002A9645 /* Release */,
			);
			defaultConfigurationIsVisible = 0;
			defaultConfigurationName = Release;
		};
		11B0CE7828E4A4E9002A9645 /* Build configuration list for PBXNativeTarget "PokemonApp" */ = {
			isa = XCConfigurationList;
			buildConfigurations = (
				11B0CE7928E4A4E9002A9645 /* Debug */,
				11B0CE7A28E4A4E9002A9645 /* Release */,
			);
			defaultConfigurationIsVisible = 0;
			defaultConfigurationName = Release;
		};
		11B0CE7B28E4A4E9002A9645 /* Build configuration list for PBXNativeTarget "PokemonAppTests" */ = {
			isa = XCConfigurationList;
			buildConfigurations = (
				11B0CE7C28E4A4E9002A9645 /* Debug */,
				11B0CE7D28E4A4E9002A9645 /* Release */,
			);
			defaultConfigurationIsVisible = 0;
			defaultConfigurationName = Release;
		};
		11B0CE7E28E4A4E9002A9645 /* Build configuration list for PBXNativeTarget "PokemonAppUITests" */ = {
			isa = XCConfigurationList;
			buildConfigurations = (
				11B0CE7F28E4A4E9002A9645 /* Debug */,
				11B0CE8028E4A4E9002A9645 /* Release */,
			);
			defaultConfigurationIsVisible = 0;
			defaultConfigurationName = Release;
		};
/* End XCConfigurationList section */

/* Begin XCRemoteSwiftPackageReference section */
		1186360F28E6CAA0007EC04E /* XCRemoteSwiftPackageReference "Alamofire" */ = {
			isa = XCRemoteSwiftPackageReference;
			repositoryURL = "https://github.com/Alamofire/Alamofire.git";
			requirement = {
				kind = upToNextMajorVersion;
				minimumVersion = 5.6.1;
			};
		};
/* End XCRemoteSwiftPackageReference section */

/* Begin XCSwiftPackageProductDependency section */
		1186361028E6CAA0007EC04E /* Alamofire */ = {
			isa = XCSwiftPackageProductDependency;
			package = 1186360F28E6CAA0007EC04E /* XCRemoteSwiftPackageReference "Alamofire" */;
			productName = Alamofire;
		};
/* End XCSwiftPackageProductDependency section */
	};
	rootObject = 11B0CE4628E4A4E6002A9645 /* Project object */;
}
